
Microsoft Visual Studio Solution File, Format Version 12.00
# Visual Studio Version 17
VisualStudioVersion = 17.0.32112.339
MinimumVisualStudioVersion = 10.0.40219.1
Project("{FAE04EC0-301F-11D3-BF4B-00C04F79EFBC}") = "WeatherApp1.Android", "WeatherApp1\WeatherApp1.Android\WeatherApp1.Android.csproj", "{9D5DCEF1-5397-4DB1-9F7A-938B4359DE97}"
EndProject
Project("{FAE04EC0-301F-11D3-BF4B-00C04F79EFBC}") = "WeatherApp1.iOS", "WeatherApp1\WeatherApp1.iOS\WeatherApp1.iOS.csproj", "{FC70ABC3-0B69-48DE-BA2E-682D44859EC4}"
EndProject
Project("{FAE04EC0-301F-11D3-BF4B-00C04F79EFBC}") = "WeatherApp1", "WeatherApp1\WeatherApp1\WeatherApp1.csproj", "{F077C346-510C-4469-9886-89CA49FDE344}"
EndProject
Global
	GlobalSection(SolutionConfigurationPlatforms) = preSolution
		Debug|Any CPU = Debug|Any CPU
		Debug|iPhone = Debug|iPhone
		Debug|iPhoneSimulator = Debug|iPhoneSimulator
		Release|Any CPU = Release|Any CPU
		Release|iPhone = Release|iPhone
		Release|iPhoneSimulator = Release|iPhoneSimulator
	EndGlobalSection
	GlobalSection(ProjectConfigurationPlatforms) = postSolution
		{9D5DCEF1-5397-4DB1-9F7A-938B4359DE97}.Debug|Any CPU.ActiveCfg = Debug|Any CPU
		{9D5DCEF1-5397-4DB1-9F7A-938B4359DE97}.Debug|Any CPU.Build.0 = Debug|Any CPU
		{9D5DCEF1-5397-4DB1-9F7A-938B4359DE97}.Debug|Any CPU.Deploy.0 = Debug|Any CPU
		{9D5DCEF1-5397-4DB1-9F7A-938B4359DE97}.Debug|iPhone.ActiveCfg = Debug|Any CPU
		{9D5DCEF1-5397-4DB1-9F7A-938B4359DE97}.Debug|iPhone.Build.0 = Debug|Any CPU
		{9D5DCEF1-5397-4DB1-9F7A-938B4359DE97}.Debug|iPhone.Deploy.0 = Debug|Any CPU
		{9D5DCEF1-5397-4DB1-9F7A-938B4359DE97}.Debug|iPhoneSimulator.ActiveCfg = Debug|Any CPU
		{9D5DCEF1-5397-4DB1-9F7A-938B4359DE97}.Debug|iPhoneSimulator.Build.0 = Debug|Any CPU
		{9D5DCEF1-5397-4DB1-9F7A-938B4359DE97}.Debug|iPhoneSimulator.Deploy.0 = Debug|Any CPU
		{9D5DCEF1-5397-4DB1-9F7A-938B4359DE97}.Release|Any CPU.ActiveCfg = Release|Any CPU
		{9D5DCEF1-5397-4DB1-9F7A-938B4359DE97}.Release|Any CPU.Build.0 = Release|Any CPU
		{9D5DCEF1-5397-4DB1-9F7A-938B4359DE97}.Release|Any CPU.Deploy.0 = Release|Any CPU
		{9D5DCEF1-5397-4DB1-9F7A-938B4359DE97}.Release|iPhone.ActiveCfg = Release|Any CPU
		{9D5DCEF1-5397-4DB1-9F7A-938B4359DE97}.Release|iPhone.Build.0 = Release|Any CPU
		{9D5DCEF1-5397-4DB1-9F7A-938B4359DE97}.Release|iPhone.Deploy.0 = Release|Any CPU
		{9D5DCEF1-5397-4DB1-9F7A-938B4359DE97}.Release|iPhoneSimulator.ActiveCfg = Release|Any CPU
		{9D5DCEF1-5397-4DB1-9F7A-938B4359DE97}.Release|iPhoneSimulator.Build.0 = Release|Any CPU
		{9D5DCEF1-5397-4DB1-9F7A-938B4359DE97}.Release|iPhoneSimulator.Deploy.0 = Release|Any CPU
		{FC70ABC3-0B69-48DE-BA2E-682D44859EC4}.Debug|Any CPU.ActiveCfg = Debug|iPhone
		{FC70ABC3-0B69-48DE-BA2E-682D44859EC4}.Debug|Any CPU.Build.0 = Debug|iPhone
		{FC70ABC3-0B69-48DE-BA2E-682D44859EC4}.Debug|Any CPU.Deploy.0 = Debug|iPhone
		{FC70ABC3-0B69-48DE-BA2E-682D44859EC4}.Debug|iPhone.ActiveCfg = Debug|iPhone
		{FC70ABC3-0B69-48DE-BA2E-682D44859EC4}.Debug|iPhone.Build.0 = Debug|iPhone
		{FC70ABC3-0B69-48DE-BA2E-682D44859EC4}.Debug|iPhone.Deploy.0 = Debug|iPhone
		{FC70ABC3-0B69-48DE-BA2E-682D44859EC4}.Debug|iPhoneSimulator.ActiveCfg = Debug|iPhoneSimulator
		{FC70ABC3-0B69-48DE-BA2E-682D44859EC4}.Debug|iPhoneSimulator.Build.0 = Debug|iPhoneSimulator
		{FC70ABC3-0B69-48DE-BA2E-682D44859EC4}.Debug|iPhoneSimulator.Deploy.0 = Debug|iPhoneSimulator
		{FC70ABC3-0B69-48DE-BA2E-682D44859EC4}.Release|Any CPU.ActiveCfg = Release|iPhoneSimulator
		{FC70ABC3-0B69-48DE-BA2E-682D44859EC4}.Release|Any CPU.Build.0 = Release|iPhoneSimulator
		{FC70ABC3-0B69-48DE-BA2E-682D44859EC4}.Release|Any CPU.Deploy.0 = Release|iPhoneSimulator
		{FC70ABC3-0B69-48DE-BA2E-682D44859EC4}.Release|iPhone.ActiveCfg = Release|iPhone
		{FC70ABC3-0B69-48DE-BA2E-682D44859EC4}.Release|iPhone.Build.0 = Release|iPhone
		{FC70ABC3-0B69-48DE-BA2E-682D44859EC4}.Release|iPhone.Deploy.0 = Release|iPhone
		{FC70ABC3-0B69-48DE-BA2E-682D44859EC4}.Release|iPhoneSimulator.ActiveCfg = Release|iPhoneSimulator
		{FC70ABC3-0B69-48DE-BA2E-682D44859EC4}.Release|iPhoneSimulator.Build.0 = Release|iPhoneSimulator
		{FC70ABC3-0B69-48DE-BA2E-682D44859EC4}.Release|iPhoneSimulator.Deploy.0 = Release|iPhoneSimulator
		{F077C346-510C-4469-9886-89CA49FDE344}.Debug|Any CPU.ActiveCfg = Debug|Any CPU
		{F077C346-510C-4469-9886-89CA49FDE344}.Debug|Any CPU.Build.0 = Debug|Any CPU
		{F077C346-510C-4469-9886-89CA49FDE344}.Debug|Any CPU.Deploy.0 = Debug|Any CPU
		{F077C346-510C-4469-9886-89CA49FDE344}.Debug|iPhone.ActiveCfg = Debug|Any CPU
		{F077C346-510C-4469-9886-89CA49FDE344}.Debug|iPhone.Build.0 = Debug|Any CPU
		{F077C346-510C-4469-9886-89CA49FDE344}.Debug|iPhone.Deploy.0 = Debug|Any CPU
		{F077C346-510C-4469-9886-89CA49FDE344}.Debug|iPhoneSimulator.ActiveCfg = Debug|Any CPU
		{F077C346-510C-4469-9886-89CA49FDE344}.Debug|iPhoneSimulator.Build.0 = Debug|Any CPU
		{F077C346-510C-4469-9886-89CA49FDE344}.Debug|iPhoneSimulator.Deploy.0 = Debug|Any CPU
		{F077C346-510C-4469-9886-89CA49FDE344}.Release|Any CPU.ActiveCfg = Release|Any CPU
		{F077C346-510C-4469-9886-89CA49FDE344}.Release|Any CPU.Build.0 = Release|Any CPU
		{F077C346-510C-4469-9886-89CA49FDE344}.Release|Any CPU.Deploy.0 = Release|Any CPU
		{F077C346-510C-4469-9886-89CA49FDE344}.Release|iPhone.ActiveCfg = Release|Any CPU
		{F077C346-510C-4469-9886-89CA49FDE344}.Release|iPhone.Build.0 = Release|Any CPU
		{F077C346-510C-4469-9886-89CA49FDE344}.Release|iPhone.Deploy.0 = Release|Any CPU
		{F077C346-510C-4469-9886-89CA49FDE344}.Release|iPhoneSimulator.ActiveCfg = Release|Any CPU
		{F077C346-510C-4469-9886-89CA49FDE344}.Release|iPhoneSimulator.Build.0 = Release|Any CPU
		{F077C346-510C-4469-9886-89CA49FDE344}.Release|iPhoneSimulator.Deploy.0 = Release|Any CPU
	EndGlobalSection
	GlobalSection(SolutionProperties) = preSolution
		HideSolutionNode = FALSE
	EndGlobalSection
	GlobalSection(ExtensibilityGlobals) = postSolution
		SolutionGuid = {7342E733-4CE5-4F05-919E-D6BEAA05AF06}
	EndGlobalSection
EndGlobal
